
Microsoft Visual Studio Solution File, Format Version 12.00
# Visual Studio Version 16
VisualStudioVersion = 16.0.31321.278
MinimumVisualStudioVersion = 10.0.40219.1
Project("{FAE04EC0-301F-11D3-BF4B-00C04F79EFBC}") = "MegaCleaner", "MegaCleaner.csproj", "{017A86EB-8598-42B7-BDAE-2581BDCB837D}"
EndProject
Global
	GlobalSection(SolutionConfigurationPlatforms) = preSolution
		Debug|Any CPU = Debug|Any CPU
		Debug|x64 = Debug|x64
		Release|Any CPU = Release|Any CPU
		Release|x64 = Release|x64
	EndGlobalSection
	GlobalSection(ProjectConfigurationPlatforms) = postSolution
		{017A86EB-8598-42B7-BDAE-2581BDCB837D}.Debug|Any CPU.ActiveCfg = Debug|Any CPU
		{017A86EB-8598-42B7-BDAE-2581BDCB837D}.Debug|Any CPU.Build.0 = Debug|Any CPU
		{017A86EB-8598-42B7-BDAE-2581BDCB837D}.Debug|x64.ActiveCfg = Debug|x64
		{017A86EB-8598-42B7-BDAE-2581BDCB837D}.Debug|x64.Build.0 = Debug|x64
		{017A86EB-8598-42B7-BDAE-2581BDCB837D}.Release|Any CPU.ActiveCfg = Release|Any CPU
		{017A86EB-8598-42B7-BDAE-2581BDCB837D}.Release|Any CPU.Build.0 = Release|Any CPU
		{017A86EB-8598-42B7-BDAE-2581BDCB837D}.Release|x64.ActiveCfg = Release|x64
		{017A86EB-8598-42B7-BDAE-2581BDCB837D}.Release|x64.Build.0 = Release|x64
	EndGlobalSection
	GlobalSection(SolutionProperties) = preSolution
		HideSolutionNode = FALSE
	EndGlobalSection
	GlobalSection(ExtensibilityGlobals) = postSolution
		SolutionGuid = {E623951E-7935-41A9-9478-8E7889E50BEB}
	EndGlobalSection
EndGlobal
